<?xml version="1.0" encoding="utf-8"?>
<Project ToolsVersion="4.0" xmlns="http://schemas.microsoft.com/developer/msbuild/2003">
  <ItemGroup>
    <Filter Include="소스 파일">
      <UniqueIdentifier>{4FC737F1-C7A5-4376-A066-2A32D752A2FF}</UniqueIdentifier>
      <Extensions>cpp;c;cc;cxx;c++;cppm;ixx;def;odl;idl;hpj;bat;asm;asmx</Extensions>
    </Filter>
    <Filter Include="헤더 파일">
      <UniqueIdentifier>{93995380-89BD-4b04-88EB-625FBE52EBFB}</UniqueIdentifier>
      <Extensions>h;hh;hpp;hxx;h++;hm;inl;inc;ipp;xsd</Extensions>
    </Filter>
    <Filter Include="리소스 파일">
      <UniqueIdentifier>{67DA6AB6-F800-4c08-8B7A-83BB121AAD01}</UniqueIdentifier>
      <Extensions>rc;ico;cur;bmp;dlg;rc2;rct;bin;rgs;gif;jpg;jpeg;jpe;resx;tiff;tif;png;wav;mfcribbon-ms</Extensions>
    </Filter>
    <Filter Include="소스 파일\Search">
      <UniqueIdentifier>{eaee619a-8a36-4b6c-9e9a-acd07fd3ecd6}</UniqueIdentifier>
    </Filter>
    <Filter Include="소스 파일\Greedy">
      <UniqueIdentifier>{76b802c6-96f9-4c54-96e8-f75b3d41b655}</UniqueIdentifier>
    </Filter>
    <Filter Include="소스 파일\NumberTheory">
      <UniqueIdentifier>{770e34cc-5f05-4939-bc40-efb64c6bb24b}</UniqueIdentifier>
    </Filter>
    <Filter Include="소스 파일\Etc">
      <UniqueIdentifier>{0bd38c28-acc4-4d7b-a67c-3f8a5a5d5d7e}</UniqueIdentifier>
    </Filter>
    <Filter Include="소스 파일\Sort">
      <UniqueIdentifier>{143c0729-3f0b-4780-b6cf-3788d351021d}</UniqueIdentifier>
    </Filter>
    <Filter Include="소스 파일\Graph">
      <UniqueIdentifier>{f6e23e00-9523-4721-b350-3c688ed6a178}</UniqueIdentifier>
    </Filter>
  </ItemGroup>
  <ItemGroup>
    <ClCompile Include="Search\2343.cpp">
      <Filter>소스 파일\Search</Filter>
    </ClCompile>
    <ClCompile Include="Search\1300.cpp">
      <Filter>소스 파일\Search</Filter>
    </ClCompile>
    <ClCompile Include="Greedy\11047.cpp">
      <Filter>소스 파일\Greedy</Filter>
    </ClCompile>
    <ClCompile Include="Greedy\1715.cpp">
      <Filter>소스 파일\Greedy</Filter>
    </ClCompile>
    <ClCompile Include="Greedy\1744.cpp">
      <Filter>소스 파일\Greedy</Filter>
    </ClCompile>
    <ClCompile Include="Greedy\1931.cpp">
      <Filter>소스 파일\Greedy</Filter>
    </ClCompile>
    <ClCompile Include="Greedy\1541.cpp">
      <Filter>소스 파일\Greedy</Filter>
    </ClCompile>
    <ClCompile Include="NumberTheory\1929.cpp">
      <Filter>소스 파일\NumberTheory</Filter>
    </ClCompile>
    <ClCompile Include="NumberTheory\1456.cpp">
      <Filter>소스 파일\NumberTheory</Filter>
    </ClCompile>
    <ClCompile Include="Search\1325.cpp">
      <Filter>소스 파일\Search</Filter>
    </ClCompile>
    <ClCompile Include="Search\1707.cpp">
      <Filter>소스 파일\Search</Filter>
    </ClCompile>
    <ClCompile Include="Search\18352.cpp">
      <Filter>소스 파일\Search</Filter>
    </ClCompile>
    <ClCompile Include="NumberTheory\1016.cpp">
      <Filter>소스 파일\NumberTheory</Filter>
    </ClCompile>
    <ClCompile Include="NumberTheory\1033.cpp">
      <Filter>소스 파일\NumberTheory</Filter>
    </ClCompile>
    <ClCompile Include="NumberTheory\1747.cpp">
      <Filter>소스 파일\NumberTheory</Filter>
    </ClCompile>
    <ClCompile Include="NumberTheory\1850.cpp">
      <Filter>소스 파일\NumberTheory</Filter>
    </ClCompile>
    <ClCompile Include="NumberTheory\1934.cpp">
      <Filter>소스 파일\NumberTheory</Filter>
    </ClCompile>
    <ClCompile Include="NumberTheory\11689.cpp">
      <Filter>소스 파일\NumberTheory</Filter>
    </ClCompile>
    <ClCompile Include="Search\2251.cpp">
      <Filter>소스 파일\Search</Filter>
    </ClCompile>
    <ClCompile Include="Etc\1717.cpp">
      <Filter>소스 파일\Etc</Filter>
    </ClCompile>
    <ClCompile Include="Etc\1976.cpp">
      <Filter>소스 파일\Etc</Filter>
    </ClCompile>
    <ClCompile Include="Etc\1043.cpp">
      <Filter>소스 파일\Etc</Filter>
    </ClCompile>
    <ClCompile Include="Sort\2252.cpp">
      <Filter>소스 파일\Sort</Filter>
    </ClCompile>
    <ClCompile Include="Sort\1516.cpp">
      <Filter>소스 파일\Sort</Filter>
    </ClCompile>
    <ClCompile Include="Sort\1948.cpp">
      <Filter>소스 파일\Sort</Filter>
    </ClCompile>
    <ClCompile Include="Graph\1753.cpp">
      <Filter>소스 파일\Graph</Filter>
    </ClCompile>
    <ClCompile Include="Graph\1916.cpp">
      <Filter>소스 파일\Graph</Filter>
    </ClCompile>
    <ClCompile Include="Graph\1854.cpp">
      <Filter>소스 파일\Graph</Filter>
    </ClCompile>
    <ClCompile Include="Graph\11657.cpp">
      <Filter>소스 파일\Graph</Filter>
    </ClCompile>
    <ClCompile Include="Graph\1219.cpp">
      <Filter>소스 파일\Graph</Filter>
    </ClCompile>
    <ClCompile Include="Graph\11404.cpp">
      <Filter>소스 파일\Graph</Filter>
    </ClCompile>
    <ClCompile Include="Graph\11403.cpp">
      <Filter>소스 파일\Graph</Filter>
    </ClCompile>
    <ClCompile Include="Graph\1389.cpp">
      <Filter>소스 파일\Graph</Filter>
    </ClCompile>
    <ClCompile Include="Graph\1197.cpp">
      <Filter>소스 파일\Graph</Filter>
    </ClCompile>
    <ClCompile Include="Graph\17472.cpp">
      <Filter>소스 파일\Graph</Filter>
    </ClCompile>
  </ItemGroup>
</Project>