<?xml version="1.0" encoding="utf-8"?>
<Project ToolsVersion="4.0" xmlns="http://schemas.microsoft.com/developer/msbuild/2003">
  <ItemGroup>
    <Filter Include="소스 파일">
      <UniqueIdentifier>{4FC737F1-C7A5-4376-A066-2A32D752A2FF}</UniqueIdentifier>
      <Extensions>cpp;c;cc;cxx;c++;cppm;ixx;def;odl;idl;hpj;bat;asm;asmx</Extensions>
    </Filter>
    <Filter Include="헤더 파일">
      <UniqueIdentifier>{93995380-89BD-4b04-88EB-625FBE52EBFB}</UniqueIdentifier>
      <Extensions>h;hh;hpp;hxx;h++;hm;inl;inc;ipp;xsd</Extensions>
    </Filter>
    <Filter Include="리소스 파일">
      <UniqueIdentifier>{67DA6AB6-F800-4c08-8B7A-83BB121AAD01}</UniqueIdentifier>
      <Extensions>rc;ico;cur;bmp;dlg;rc2;rct;bin;rgs;gif;jpg;jpeg;jpe;resx;tiff;tif;png;wav;mfcribbon-ms</Extensions>
    </Filter>
    <Filter Include="소스 파일\Search">
      <UniqueIdentifier>{eaee619a-8a36-4b6c-9e9a-acd07fd3ecd6}</UniqueIdentifier>
    </Filter>
    <Filter Include="소스 파일\Greedy">
      <UniqueIdentifier>{76b802c6-96f9-4c54-96e8-f75b3d41b655}</UniqueIdentifier>
    </Filter>
    <Filter Include="소스 파일\NumberTheory">
      <UniqueIdentifier>{770e34cc-5f05-4939-bc40-efb64c6bb24b}</UniqueIdentifier>
    </Filter>
    <Filter Include="소스 파일\Etc">
      <UniqueIdentifier>{0bd38c28-acc4-4d7b-a67c-3f8a5a5d5d7e}</UniqueIdentifier>
    </Filter>
    <Filter Include="소스 파일\Sort">
      <UniqueIdentifier>{143c0729-3f0b-4780-b6cf-3788d351021d}</UniqueIdentifier>
    </Filter>
    <Filter Include="소스 파일\Graph">
      <UniqueIdentifier>{f6e23e00-9523-4721-b350-3c688ed6a178}</UniqueIdentifier>
    </Filter>
    <Filter Include="소스 파일\Tree">
      <UniqueIdentifier>{db39cae0-5c05-486d-94a1-91ecafe731d8}</UniqueIdentifier>
    </Filter>
    <Filter Include="소스 파일\Combination">
      <UniqueIdentifier>{63a04db8-e9e5-4dd9-8239-3a884a5eb2bf}</UniqueIdentifier>
    </Filter>
    <Filter Include="소스 파일\DP">
      <UniqueIdentifier>{f2e53013-5091-4ade-ace8-dad5b3e699c5}</UniqueIdentifier>
    </Filter>
    <Filter Include="소스 파일\Implementation">
      <UniqueIdentifier>{7b0b0047-d7e9-42b9-8421-cfc4cde847f9}</UniqueIdentifier>
    </Filter>
  </ItemGroup>
  <ItemGroup>
    <ClCompile Include="Search\2343.cpp">
      <Filter>소스 파일\Search</Filter>
    </ClCompile>
    <ClCompile Include="Search\1300.cpp">
      <Filter>소스 파일\Search</Filter>
    </ClCompile>
    <ClCompile Include="Greedy\11047.cpp">
      <Filter>소스 파일\Greedy</Filter>
    </ClCompile>
    <ClCompile Include="Greedy\1715.cpp">
      <Filter>소스 파일\Greedy</Filter>
    </ClCompile>
    <ClCompile Include="Greedy\1744.cpp">
      <Filter>소스 파일\Greedy</Filter>
    </ClCompile>
    <ClCompile Include="Greedy\1931.cpp">
      <Filter>소스 파일\Greedy</Filter>
    </ClCompile>
    <ClCompile Include="Greedy\1541.cpp">
      <Filter>소스 파일\Greedy</Filter>
    </ClCompile>
    <ClCompile Include="NumberTheory\1929.cpp">
      <Filter>소스 파일\NumberTheory</Filter>
    </ClCompile>
    <ClCompile Include="NumberTheory\1456.cpp">
      <Filter>소스 파일\NumberTheory</Filter>
    </ClCompile>
    <ClCompile Include="Search\1325.cpp">
      <Filter>소스 파일\Search</Filter>
    </ClCompile>
    <ClCompile Include="Search\1707.cpp">
      <Filter>소스 파일\Search</Filter>
    </ClCompile>
    <ClCompile Include="Search\18352.cpp">
      <Filter>소스 파일\Search</Filter>
    </ClCompile>
    <ClCompile Include="NumberTheory\1016.cpp">
      <Filter>소스 파일\NumberTheory</Filter>
    </ClCompile>
    <ClCompile Include="NumberTheory\1033.cpp">
      <Filter>소스 파일\NumberTheory</Filter>
    </ClCompile>
    <ClCompile Include="NumberTheory\1747.cpp">
      <Filter>소스 파일\NumberTheory</Filter>
    </ClCompile>
    <ClCompile Include="NumberTheory\1850.cpp">
      <Filter>소스 파일\NumberTheory</Filter>
    </ClCompile>
    <ClCompile Include="NumberTheory\1934.cpp">
      <Filter>소스 파일\NumberTheory</Filter>
    </ClCompile>
    <ClCompile Include="NumberTheory\11689.cpp">
      <Filter>소스 파일\NumberTheory</Filter>
    </ClCompile>
    <ClCompile Include="Search\2251.cpp">
      <Filter>소스 파일\Search</Filter>
    </ClCompile>
    <ClCompile Include="Etc\1717.cpp">
      <Filter>소스 파일\Etc</Filter>
    </ClCompile>
    <ClCompile Include="Etc\1976.cpp">
      <Filter>소스 파일\Etc</Filter>
    </ClCompile>
    <ClCompile Include="Etc\1043.cpp">
      <Filter>소스 파일\Etc</Filter>
    </ClCompile>
    <ClCompile Include="Sort\2252.cpp">
      <Filter>소스 파일\Sort</Filter>
    </ClCompile>
    <ClCompile Include="Sort\1516.cpp">
      <Filter>소스 파일\Sort</Filter>
    </ClCompile>
    <ClCompile Include="Sort\1948.cpp">
      <Filter>소스 파일\Sort</Filter>
    </ClCompile>
    <ClCompile Include="Graph\1753.cpp">
      <Filter>소스 파일\Graph</Filter>
    </ClCompile>
    <ClCompile Include="Graph\1916.cpp">
      <Filter>소스 파일\Graph</Filter>
    </ClCompile>
    <ClCompile Include="Graph\1854.cpp">
      <Filter>소스 파일\Graph</Filter>
    </ClCompile>
    <ClCompile Include="Graph\11657.cpp">
      <Filter>소스 파일\Graph</Filter>
    </ClCompile>
    <ClCompile Include="Graph\1219.cpp">
      <Filter>소스 파일\Graph</Filter>
    </ClCompile>
    <ClCompile Include="Graph\11404.cpp">
      <Filter>소스 파일\Graph</Filter>
    </ClCompile>
    <ClCompile Include="Graph\11403.cpp">
      <Filter>소스 파일\Graph</Filter>
    </ClCompile>
    <ClCompile Include="Graph\1389.cpp">
      <Filter>소스 파일\Graph</Filter>
    </ClCompile>
    <ClCompile Include="Graph\1197.cpp">
      <Filter>소스 파일\Graph</Filter>
    </ClCompile>
    <ClCompile Include="Graph\17472.cpp">
      <Filter>소스 파일\Graph</Filter>
    </ClCompile>
    <ClCompile Include="Graph\1414.cpp">
      <Filter>소스 파일\Graph</Filter>
    </ClCompile>
    <ClCompile Include="Tree\11725.cpp">
      <Filter>소스 파일\Tree</Filter>
    </ClCompile>
    <ClCompile Include="Tree\1068.cpp">
      <Filter>소스 파일\Tree</Filter>
    </ClCompile>
    <ClCompile Include="Tree\14425.cpp">
      <Filter>소스 파일\Tree</Filter>
    </ClCompile>
    <ClCompile Include="Tree\1991.cpp">
      <Filter>소스 파일\Tree</Filter>
    </ClCompile>
    <ClCompile Include="Tree\2042.cpp">
      <Filter>소스 파일\Tree</Filter>
    </ClCompile>
    <ClCompile Include="Tree\10868.cpp">
      <Filter>소스 파일\Tree</Filter>
    </ClCompile>
    <ClCompile Include="Tree\11505.cpp">
      <Filter>소스 파일\Tree</Filter>
    </ClCompile>
    <ClCompile Include="Tree\11437.cpp">
      <Filter>소스 파일\Tree</Filter>
    </ClCompile>
    <ClCompile Include="Tree\11438.cpp">
      <Filter>소스 파일\Tree</Filter>
    </ClCompile>
    <ClCompile Include="Combination\11050.cpp">
      <Filter>소스 파일\Combination</Filter>
    </ClCompile>
    <ClCompile Include="Combination\11050_best.cpp">
      <Filter>소스 파일\Combination</Filter>
    </ClCompile>
    <ClCompile Include="Combination\11051.cpp">
      <Filter>소스 파일\Combination</Filter>
    </ClCompile>
    <ClCompile Include="Combination\2775.cpp">
      <Filter>소스 파일\Combination</Filter>
    </ClCompile>
    <ClCompile Include="Combination\2775_best.cpp">
      <Filter>소스 파일\Combination</Filter>
    </ClCompile>
    <ClCompile Include="Combination\1010.cpp">
      <Filter>소스 파일\Combination</Filter>
    </ClCompile>
    <ClCompile Include="Combination\13251.cpp">
      <Filter>소스 파일\Combination</Filter>
    </ClCompile>
    <ClCompile Include="Combination\1722.cpp">
      <Filter>소스 파일\Combination</Filter>
    </ClCompile>
    <ClCompile Include="Combination\1256.cpp">
      <Filter>소스 파일\Combination</Filter>
    </ClCompile>
    <ClCompile Include="Combination\1947.cpp">
      <Filter>소스 파일\Combination</Filter>
    </ClCompile>
    <ClCompile Include="DP\1463.cpp">
      <Filter>소스 파일\DP</Filter>
    </ClCompile>
    <ClCompile Include="DP\14501.cpp">
      <Filter>소스 파일\DP</Filter>
    </ClCompile>
    <ClCompile Include="DP\2193.cpp">
      <Filter>소스 파일\DP</Filter>
    </ClCompile>
    <ClCompile Include="DP\11726.cpp">
      <Filter>소스 파일\DP</Filter>
    </ClCompile>
    <ClCompile Include="DP\10844.cpp">
      <Filter>소스 파일\DP</Filter>
    </ClCompile>
    <ClCompile Include="DP\13398.cpp">
      <Filter>소스 파일\DP</Filter>
    </ClCompile>
    <ClCompile Include="DP\9252.cpp">
      <Filter>소스 파일\DP</Filter>
    </ClCompile>
    <ClCompile Include="DP\1915.cpp">
      <Filter>소스 파일\DP</Filter>
    </ClCompile>
    <ClCompile Include="DP\1328.cpp">
      <Filter>소스 파일\DP</Filter>
    </ClCompile>
    <ClCompile Include="Implementation\10828.cpp">
      <Filter>소스 파일\Implementation</Filter>
    </ClCompile>
    <ClCompile Include="Implementation\10845.cpp">
      <Filter>소스 파일\Implementation</Filter>
    </ClCompile>
    <ClCompile Include="Implementation\2019_KAKAO_BLIND_RECRUITMENT_실패율.cpp">
      <Filter>소스 파일\Implementation</Filter>
    </ClCompile>
    <ClCompile Include="Implementation\2019_KAKAO_BLIND_RECRUITMENT_오픈채팅방.cpp">
      <Filter>소스 파일\Implementation</Filter>
    </ClCompile>
    <ClCompile Include="NumberTheory\프로그래머스_연습문제_소수찾기.cpp">
      <Filter>소스 파일\NumberTheory</Filter>
    </ClCompile>
    <ClCompile Include="Implementation\프로그래머스_연습문제_모의고사.cpp">
      <Filter>소스 파일\Implementation</Filter>
    </ClCompile>
    <ClCompile Include="Implementation\프로그래머스_연습문제_시저암호.cpp">
      <Filter>소스 파일\Implementation</Filter>
    </ClCompile>
    <ClCompile Include="Implementation\프로그래머스_연습문제_과일장수.cpp">
      <Filter>소스 파일\Implementation</Filter>
    </ClCompile>
    <ClCompile Include="Implementation\프로그래머스_연습문제_덧칠하기.cpp">
      <Filter>소스 파일\Implementation</Filter>
    </ClCompile>
    <ClCompile Include="Implementation\프로그래머스_연습문제_문자열나누기.cpp">
      <Filter>소스 파일\Implementation</Filter>
    </ClCompile>
    <ClCompile Include="Implementation\프로그래머스_연습문제_최댓값과_최솟값.cpp">
      <Filter>소스 파일\Implementation</Filter>
    </ClCompile>
    <ClCompile Include="Implementation\프로그래머스_연습문제_연속부분수열_합의개수.cpp">
      <Filter>소스 파일\Implementation</Filter>
    </ClCompile>
    <ClCompile Include="Greedy\프로그래머스_Greedy_구명보트.cpp">
      <Filter>소스 파일\Greedy</Filter>
    </ClCompile>
    <ClCompile Include="Implementation\프로그래머스_큐_프로세스.cpp">
      <Filter>소스 파일\Implementation</Filter>
    </ClCompile>
    <ClCompile Include="Implementation\프로그래머스_정렬_가장큰수.cpp">
      <Filter>소스 파일\Implementation</Filter>
    </ClCompile>
    <ClCompile Include="Etc\프로그래머스_연습문제_연속된_부분수열의_합.cpp">
      <Filter>소스 파일\Etc</Filter>
    </ClCompile>
    <ClCompile Include="Implementation\프로그래머스_연습문제_124나라의숫자.cpp">
      <Filter>소스 파일\Implementation</Filter>
    </ClCompile>
    <ClCompile Include="Implementation\프로그래머스_스택큐_주식가격.cpp">
      <Filter>소스 파일\Implementation</Filter>
    </ClCompile>
    <ClCompile Include="Implementation\프로그래머스_연습문제_행렬의곱셈.cpp">
      <Filter>소스 파일\Implementation</Filter>
    </ClCompile>
    <ClCompile Include="Search\프로그래머스_완전탐색_전력망을_둘로나누기.cpp">
      <Filter>소스 파일\Search</Filter>
    </ClCompile>
    <ClCompile Include="Search\프로그래머스_연습문제_무인도여행.cpp">
      <Filter>소스 파일\Search</Filter>
    </ClCompile>
    <ClCompile Include="Search\프로그래머스_완전탐색_피로도.cpp">
      <Filter>소스 파일\Search</Filter>
    </ClCompile>
    <ClCompile Include="Etc\프로그래머스_연습문제_N개의최소공배수.cpp">
      <Filter>소스 파일\Etc</Filter>
    </ClCompile>
  </ItemGroup>
</Project>